
Microsoft Visual Studio Solution File, Format Version 12.00
# Visual Studio Version 17
VisualStudioVersion = 17.2.32519.379
MinimumVisualStudioVersion = 10.0.40219.1
Project("{FAE04EC0-301F-11D3-BF4B-00C04F79EFBC}") = "Currency Converter", "Currency Converter\Currency Converter.csproj", "{CCA82E1D-E85E-4347-982A-CF174D3A5503}"
EndProject
Global
	GlobalSection(SolutionConfigurationPlatforms) = preSolution
		Debug|Any CPU = Debug|Any CPU
		Release|Any CPU = Release|Any CPU
	EndGlobalSection
	GlobalSection(ProjectConfigurationPlatforms) = postSolution
		{CCA82E1D-E85E-4347-982A-CF174D3A5503}.Debug|Any CPU.ActiveCfg = Debug|Any CPU
		{CCA82E1D-E85E-4347-982A-CF174D3A5503}.Debug|Any CPU.Build.0 = Debug|Any CPU
		{CCA82E1D-E85E-4347-982A-CF174D3A5503}.Release|Any CPU.ActiveCfg = Release|Any CPU
		{CCA82E1D-E85E-4347-982A-CF174D3A5503}.Release|Any CPU.Build.0 = Release|Any CPU
	EndGlobalSection
	GlobalSection(SolutionProperties) = preSolution
		HideSolutionNode = FALSE
	EndGlobalSection
	GlobalSection(ExtensibilityGlobals) = postSolution
		SolutionGuid = {CEBD051F-7EE9-438D-A5EF-9C295AE41346}
	EndGlobalSection
EndGlobal
